<?xml version="1.0" encoding="utf-8"?>
<Project ToolsVersion="4.0" xmlns="http://schemas.microsoft.com/developer/msbuild/2003">
  <ItemGroup>
    <Filter Include="Source Files">
      <UniqueIdentifier>{4FC737F1-C7A5-4376-A066-2A32D752A2FF}</UniqueIdentifier>
      <Extensions>cpp;c;cc;cxx;def;odl;idl;hpj;bat;asm;asmx</Extensions>
    </Filter>
    <Filter Include="Header Files">
      <UniqueIdentifier>{93995380-89BD-4b04-88EB-625FBE52EBFB}</UniqueIdentifier>
      <Extensions>h;hpp;hxx;hm;inl;inc;xsd</Extensions>
    </Filter>
    <Filter Include="Resource Files">
      <UniqueIdentifier>{67DA6AB6-F800-4c08-8B7A-83BB121AAD01}</UniqueIdentifier>
      <Extensions>rc;ico;cur;bmp;dlg;rc2;rct;bin;rgs;gif;jpg;jpeg;jpe;resx;tiff;tif;png;wav;mfcribbon-ms</Extensions>
    </Filter>
  </ItemGroup>
  <ItemGroup>
    <ClCompile Include="main.cpp">
      <Filter>Source Files</Filter>
    </ClCompile>
    <ClCompile Include="workload.cpp">
      <Filter>Source Files</Filter>
    </ClCompile>
    <ClCompile Include="UnifRandWorkload.cpp">
      <Filter>Source Files</Filter>
    </ClCompile>
    <ClCompile Include="Event.cpp">
      <Filter>Source Files</Filter>
    </ClCompile>
    <ClCompile Include="SynthWorkload.cpp">
      <Filter>Source Files</Filter>
    </ClCompile>
    <ClCompile Include="ZipfWorkload.cpp">
      <Filter>Source Files</Filter>
    </ClCompile>
    <ClCompile Include="SimParameters.cpp">
      <Filter>Source Files</Filter>
    </ClCompile>
    <ClCompile Include="SSDSim.cpp">
      <Filter>Source Files</Filter>
    </ClCompile>
    <ClCompile Include="Flash.cpp">
      <Filter>Source Files</Filter>
    </ClCompile>
    <ClCompile Include="FTL.cpp">
      <Filter>Source Files</Filter>
    </ClCompile>
    <ClCompile Include="MappingTable.cpp">
      <Filter>Source Files</Filter>
    </ClCompile>
    <ClCompile Include="Address.cpp">
      <Filter>Source Files</Filter>
    </ClCompile>
    <ClCompile Include="Block.cpp">
      <Filter>Source Files</Filter>
    </ClCompile>
    <ClCompile Include="Page.cpp">
      <Filter>Source Files</Filter>
    </ClCompile>
    <ClCompile Include="LayoutManager.cpp">
      <Filter>Source Files</Filter>
    </ClCompile>
    <ClCompile Include="GarbageCollector.cpp">
      <Filter>Source Files</Filter>
    </ClCompile>
    <ClCompile Include="Stat.cpp">
      <Filter>Source Files</Filter>
    </ClCompile>
    <ClCompile Include="cfgparser.cc">
      <Filter>Source Files</Filter>
    </ClCompile>
    <ClCompile Include="InPlaceGarbageCollector.cpp">
      <Filter>Source Files</Filter>
    </ClCompile>
    <ClCompile Include="FreePoolGarbageCollector.cpp">
      <Filter>Source Files</Filter>
    </ClCompile>
    <ClCompile Include="TraceWorkload.cpp">
      <Filter>Source Files</Filter>
    </ClCompile>
    <ClCompile Include="DatTraceWorkload.cpp">
      <Filter>Source Files</Filter>
    </ClCompile>
    <ClCompile Include="cQueue.cpp">
      <Filter>Source Files</Filter>
    </ClCompile>
    <ClCompile Include="SingleWriteBlockLayoutManager.cpp">
      <Filter>Source Files</Filter>
    </ClCompile>
    <ClCompile Include="CBRules.cpp">
      <Filter>Source Files</Filter>
    </ClCompile>
    <ClCompile Include="StateManager.cpp">
      <Filter>Source Files</Filter>
    </ClCompile>
    <ClCompile Include="FlashMap.cpp">
      <Filter>Source Files</Filter>
    </ClCompile>
    <ClCompile Include="VolatilityCalc.cpp">
      <Filter>Source Files</Filter>
    </ClCompile>
    <ClCompile Include="Cache.cpp">
      <Filter>Source Files</Filter>
    </ClCompile>
    <ClCompile Include="IntervalLayoutManager.cpp">
      <Filter>Source Files</Filter>
    </ClCompile>
    <ClCompile Include="HashData.cpp">
      <Filter>Source Files</Filter>
    </ClCompile>
    <ClCompile Include="CopybackBlocksLayoutManager.cpp">
      <Filter>Source Files</Filter>
    </ClCompile>
    <ClCompile Include="WriteStampLayoutManager.cpp">
      <Filter>Source Files</Filter>
    </ClCompile>
    <ClCompile Include="StreamStat.cpp">
      <Filter>Source Files</Filter>
    </ClCompile>
    <ClCompile Include="ETTILayoutManager.cpp">
      <Filter>Source Files</Filter>
    </ClCompile>
    <ClCompile Include="CopybackLayoutManager.cpp">
      <Filter>Source Files</Filter>
    </ClCompile>
    <ClCompile Include="WriteBlocks.cpp">
      <Filter>Source Files</Filter>
    </ClCompile>
    <ClCompile Include="WriteLayoutManager.cpp">
      <Filter>Source Files</Filter>
    </ClCompile>
    <ClCompile Include="SingleWriteLM.cpp">
      <Filter>Source Files</Filter>
    </ClCompile>
    <ClCompile Include="TRACE12Workload.cpp">
      <Filter>Source Files</Filter>
    </ClCompile>
    <ClCompile Include="GCScoreGarbageCollector.cpp">
      <Filter>Source Files</Filter>
    </ClCompile>
    <ClCompile Include="WSingleWriteBlockLayoutManager.cpp">
      <Filter>Source Files</Filter>
    </ClCompile>
    <ClCompile Include="SortedPoolGarbageCollector.cpp">
      <Filter>Source Files</Filter>
    </ClCompile>
    <ClCompile Include="TRACE3Workload.cpp">
      <Filter>Source Files</Filter>
    </ClCompile>
    <ClCompile Include="2RegionLayoutManager.cpp">
      <Filter>Source Files</Filter>
    </ClCompile>
  </ItemGroup>
  <ItemGroup>
    <ClInclude Include="workload.h">
      <Filter>Header Files</Filter>
    </ClInclude>
    <ClInclude Include="UnifRandWorkload.h">
      <Filter>Header Files</Filter>
    </ClInclude>
    <ClInclude Include="Event.h">
      <Filter>Header Files</Filter>
    </ClInclude>
    <ClInclude Include="SynthWorkload.h">
      <Filter>Header Files</Filter>
    </ClInclude>
    <ClInclude Include="ZipfWorkload.h">
      <Filter>Header Files</Filter>
    </ClInclude>
    <ClInclude Include="SimParameters.h">
      <Filter>Header Files</Filter>
    </ClInclude>
    <ClInclude Include="SSDSim.h">
      <Filter>Header Files</Filter>
    </ClInclude>
    <ClInclude Include="Flash.h">
      <Filter>Header Files</Filter>
    </ClInclude>
    <ClInclude Include="FTL.h">
      <Filter>Header Files</Filter>
    </ClInclude>
    <ClInclude Include="MappingTable.h">
      <Filter>Header Files</Filter>
    </ClInclude>
    <ClInclude Include="Address.h">
      <Filter>Header Files</Filter>
    </ClInclude>
    <ClInclude Include="Block.h">
      <Filter>Header Files</Filter>
    </ClInclude>
    <ClInclude Include="Page.h">
      <Filter>Header Files</Filter>
    </ClInclude>
    <ClInclude Include="LayoutManager.h">
      <Filter>Header Files</Filter>
    </ClInclude>
    <ClInclude Include="GarbageCollector.h">
      <Filter>Header Files</Filter>
    </ClInclude>
    <ClInclude Include="Stat.h">
      <Filter>Header Files</Filter>
    </ClInclude>
    <ClInclude Include="cfgparser.h">
      <Filter>Header Files</Filter>
    </ClInclude>
    <ClInclude Include="InPlaceGarbageCollector.h">
      <Filter>Header Files</Filter>
    </ClInclude>
    <ClInclude Include="FreePoolGarbageCollector.h">
      <Filter>Header Files</Filter>
    </ClInclude>
    <ClInclude Include="TraceWorkload.h">
      <Filter>Header Files</Filter>
    </ClInclude>
    <ClInclude Include="DatTraceWorkload.h">
      <Filter>Header Files</Filter>
    </ClInclude>
    <ClInclude Include="cQueue.h">
      <Filter>Header Files</Filter>
    </ClInclude>
    <ClInclude Include="SingleWriteBlockLayoutManager.h">
      <Filter>Header Files</Filter>
    </ClInclude>
    <ClInclude Include="CBRules.h">
      <Filter>Header Files</Filter>
    </ClInclude>
    <ClInclude Include="StateManager.h">
      <Filter>Header Files</Filter>
    </ClInclude>
    <ClInclude Include="FlashMap.h">
      <Filter>Header Files</Filter>
    </ClInclude>
    <ClInclude Include="VolatilityCalc.h">
      <Filter>Header Files</Filter>
    </ClInclude>
    <ClInclude Include="Cache.h">
      <Filter>Header Files</Filter>
    </ClInclude>
    <ClInclude Include="IntervalLayoutManager.h">
      <Filter>Header Files</Filter>
    </ClInclude>
    <ClInclude Include="HashData.h">
      <Filter>Header Files</Filter>
    </ClInclude>
    <ClInclude Include="CopybackBlocksLayoutManager.h">
      <Filter>Header Files</Filter>
    </ClInclude>
    <ClInclude Include="WriteStampLayoutManager.h">
      <Filter>Header Files</Filter>
    </ClInclude>
    <ClInclude Include="StreamStat.h">
      <Filter>Header Files</Filter>
    </ClInclude>
    <ClInclude Include="ETTILayoutManager.h">
      <Filter>Header Files</Filter>
    </ClInclude>
    <ClInclude Include="CopybackLayoutManager.h">
      <Filter>Header Files</Filter>
    </ClInclude>
    <ClInclude Include="WriteBlocks.h">
      <Filter>Header Files</Filter>
    </ClInclude>
    <ClInclude Include="WriteLayoutManager.h">
      <Filter>Header Files</Filter>
    </ClInclude>
    <ClInclude Include="SingleWriteLM.h">
      <Filter>Header Files</Filter>
    </ClInclude>
    <ClInclude Include="TRACE12Workload.h">
      <Filter>Header Files</Filter>
    </ClInclude>
    <ClInclude Include="GCScoreGarbageCollector.h">
      <Filter>Header Files</Filter>
    </ClInclude>
    <ClInclude Include="WSingleWriteBlockLayoutManager.h">
      <Filter>Header Files</Filter>
    </ClInclude>
    <ClInclude Include="SortedPoolGarbageCollector.h">
      <Filter>Header Files</Filter>
    </ClInclude>
    <ClInclude Include="TRACE3Workload.h">
      <Filter>Header Files</Filter>
    </ClInclude>
    <ClInclude Include="2RegionLayoutManager.h">
      <Filter>Header Files</Filter>
    </ClInclude>
  </ItemGroup>
  <ItemGroup>
    <None Include="sim.cfg">
      <Filter>Resource Files</Filter>
    </None>
    <None Include="sim2.cfg">
      <Filter>Resource Files</Filter>
    </None>
    <None Include="sim3.cfg">
      <Filter>Resource Files</Filter>
    </None>
    <None Include="overp10b.cfg">
      <Filter>Resource Files</Filter>
    </None>
  </ItemGroup>
</Project>